lockfileVersion: '9.0'

settings:
  autoInstallPeers: true
  excludeLinksFromLockfile: false

importers:

  .:
    devDependencies:
      '@biomejs/biome':
        specifier: 2.1.3
        version: 2.1.3

packages:

  '@biomejs/biome@2.1.3':
    resolution: {integrity: sha512-KE/tegvJIxTkl7gJbGWSgun7G6X/n2M6C35COT6ctYrAy7SiPyNvi6JtoQERVK/VRbttZfgGq96j2bFmhmnH4w==}
    engines: {node: '>=14.21.3'}
    hasBin: true

  '@biomejs/cli-darwin-arm64@2.1.3':
    resolution: {integrity: sha512-LFLkSWRoSGS1wVUD/BE6Nlt2dSn0ulH3XImzg2O/36BoToJHKXjSxzPEMAqT9QvwVtk7/9AQhZpTneERU9qaXA==}
    engines: {node: '>=14.21.3'}
    cpu: [arm64]
    os: [darwin]

  '@biomejs/cli-darwin-x64@2.1.3':
    resolution: {integrity: sha512-Q/4OTw8P9No9QeowyxswcWdm0n2MsdCwWcc5NcKQQvzwPjwuPdf8dpPPf4r+x0RWKBtl1FLiAUtJvBlri6DnYw==}
    engines: {node: '>=14.21.3'}
    cpu: [x64]
    os: [darwin]

  '@biomejs/cli-linux-arm64-musl@2.1.3':
    resolution: {integrity: sha512-KXouFSBnoxAWZYDQrnNRzZBbt5s9UJkIm40hdvSL9mBxSSoxRFQJbtg1hP3aa8A2SnXyQHxQfpiVeJlczZt76w==}
    engines: {node: '>=14.21.3'}
    cpu: [arm64]
    os: [linux]

  '@biomejs/cli-linux-arm64@2.1.3':
    resolution: {integrity: sha512-2hS6LgylRqMFmAZCOFwYrf77QMdUwJp49oe8PX/O8+P2yKZMSpyQTf3Eo5ewnsMFUEmYbPOskafdV1ds1MZMJA==}
    engines: {node: '>=14.21.3'}
    cpu: [arm64]
    os: [linux]

  '@biomejs/cli-linux-x64-musl@2.1.3':
    resolution: {integrity: sha512-KaLAxnROouzIWtl6a0Y88r/4hW5oDUJTIqQorOTVQITaKQsKjZX4XCUmHIhdEk8zMnaiLZzRTAwk1yIAl+mIew==}
    engines: {node: '>=14.21.3'}
    cpu: [x64]
    os: [linux]

  '@biomejs/cli-linux-x64@2.1.3':
    resolution: {integrity: sha512-NxlSCBhLvQtWGagEztfAZ4WcE1AkMTntZV65ZvR+J9jp06+EtOYEBPQndA70ZGhHbEDG57bR6uNvqkd1WrEYVA==}
    engines: {node: '>=14.21.3'}
    cpu: [x64]
    os: [linux]

  '@biomejs/cli-win32-arm64@2.1.3':
    resolution: {integrity: sha512-V9CUZCtWH4u0YwyCYbQ3W5F4ZGPWp2C2TYcsiWFNNyRfmOW1j/TY/jAurl33SaRjgZPO5UUhGyr9m6BN9t84NQ==}
    engines: {node: '>=14.21.3'}
    cpu: [arm64]
    os: [win32]

  '@biomejs/cli-win32-x64@2.1.3':
    resolution: {integrity: sha512-dxy599q6lgp8ANPpR8sDMscwdp9oOumEsVXuVCVT9N2vAho8uYXlCz53JhxX6LtJOXaE73qzgkGQ7QqvFlMC0g==}
    engines: {node: '>=14.21.3'}
    cpu: [x64]
    os: [win32]

snapshots:

  '@biomejs/biome@2.1.3':
    optionalDependencies:
      '@biomejs/cli-darwin-arm64': 2.1.3
      '@biomejs/cli-darwin-x64': 2.1.3
      '@biomejs/cli-linux-arm64': 2.1.3
      '@biomejs/cli-linux-arm64-musl': 2.1.3
      '@biomejs/cli-linux-x64': 2.1.3
      '@biomejs/cli-linux-x64-musl': 2.1.3
      '@biomejs/cli-win32-arm64': 2.1.3
      '@biomejs/cli-win32-x64': 2.1.3

  '@biomejs/cli-darwin-arm64@2.1.3':
    optional: true

  '@biomejs/cli-darwin-x64@2.1.3':
    optional: true

  '@biomejs/cli-linux-arm64-musl@2.1.3':
    optional: true

  '@biomejs/cli-linux-arm64@2.1.3':
    optional: true

  '@biomejs/cli-linux-x64-musl@2.1.3':
    optional: true

  '@biomejs/cli-linux-x64@2.1.3':
    optional: true

  '@biomejs/cli-win32-arm64@2.1.3':
    optional: true

  '@biomejs/cli-win32-x64@2.1.3':
    optional: true
